
Microsoft Visual Studio Solution File, Format Version 12.00
# Visual Studio Version 17
VisualStudioVersion = 17.10.35122.118
MinimumVisualStudioVersion = 10.0.40219.1
Project("{FAE04EC0-301F-11D3-BF4B-00C04F79EFBC}") = "SciCalc", "SciCalc\SciCalc.csproj", "{AED8E79B-EDF6-47F9-A2AC-07B5CD42D2DD}"
EndProject
Global
	GlobalSection(SolutionConfigurationPlatforms) = preSolution
		Debug|Any CPU = Debug|Any CPU
		Release|Any CPU = Release|Any CPU
	EndGlobalSection
	GlobalSection(ProjectConfigurationPlatforms) = postSolution
		{AED8E79B-EDF6-47F9-A2AC-07B5CD42D2DD}.Debug|Any CPU.ActiveCfg = Debug|Any CPU
		{AED8E79B-EDF6-47F9-A2AC-07B5CD42D2DD}.Debug|Any CPU.Build.0 = Debug|Any CPU
		{AED8E79B-EDF6-47F9-A2AC-07B5CD42D2DD}.Debug|Any CPU.Deploy.0 = Debug|Any CPU
		{AED8E79B-EDF6-47F9-A2AC-07B5CD42D2DD}.Release|Any CPU.ActiveCfg = Release|Any CPU
		{AED8E79B-EDF6-47F9-A2AC-07B5CD42D2DD}.Release|Any CPU.Build.0 = Release|Any CPU
		{AED8E79B-EDF6-47F9-A2AC-07B5CD42D2DD}.Release|Any CPU.Deploy.0 = Release|Any CPU
	EndGlobalSection
	GlobalSection(SolutionProperties) = preSolution
		HideSolutionNode = FALSE
	EndGlobalSection
	GlobalSection(ExtensibilityGlobals) = postSolution
		SolutionGuid = {89023DF5-29D3-4C6A-9C9A-DB512683E8B4}
	EndGlobalSection
EndGlobal
